
Microsoft Visual Studio Solution File, Format Version 12.00
# Visual Studio Version 17
VisualStudioVersion = 17.14.36310.24 d17.14
MinimumVisualStudioVersion = 10.0.40219.1
Project("{FAE04EC0-301F-11D3-BF4B-00C04F79EFBC}") = "BallisticCalc", "BallisticCalc.csproj", "{4798088B-DE2B-4D16-BAC6-42563CECFE09}"
EndProject
Global
	GlobalSection(SolutionConfigurationPlatforms) = preSolution
		Debug|Any CPU = Debug|Any CPU
		Release|Any CPU = Release|Any CPU
	EndGlobalSection
	GlobalSection(ProjectConfigurationPlatforms) = postSolution
		{4798088B-DE2B-4D16-BAC6-42563CECFE09}.Debug|Any CPU.ActiveCfg = Debug|Any CPU
		{4798088B-DE2B-4D16-BAC6-42563CECFE09}.Debug|Any CPU.Build.0 = Debug|Any CPU
		{4798088B-DE2B-4D16-BAC6-42563CECFE09}.Release|Any CPU.ActiveCfg = Release|Any CPU
		{4798088B-DE2B-4D16-BAC6-42563CECFE09}.Release|Any CPU.Build.0 = Release|Any CPU
	EndGlobalSection
	GlobalSection(SolutionProperties) = preSolution
		HideSolutionNode = FALSE
	EndGlobalSection
	GlobalSection(ExtensibilityGlobals) = postSolution
		SolutionGuid = {23742DC3-5BCB-4040-83C3-45EE4851152E}
	EndGlobalSection
EndGlobal
